// !$*UTF8*$!
{
	archiveVersion = 1;
	classes = {
	};
	objectVersion = 60;
	objects = {

/* Begin PBXBuildFile section */
		3C0422A52B9CAD400076C193 /* Watch Connector.swift in Sources */ = {isa = PBXBuildFile; fileRef = 3C0422A42B9CAD400076C193 /* Watch Connector.swift */; };
		3C0422A72B9CAE9A0076C193 /* WatchConnectivity.framework in Frameworks */ = {isa = PBXBuildFile; fileRef = 3C0422A62B9CAE9A0076C193 /* WatchConnectivity.framework */; };
		3C0AED6E2B660835004078C5 /* List of Exam URLs.swift in Sources */ = {isa = PBXBuildFile; fileRef = 3C0AED6D2B660835004078C5 /* List of Exam URLs.swift */; };
		3C0CE7552B8F7A58001B42CD /* Pomodoro Timer SetUp Page.swift in Sources */ = {isa = PBXBuildFile; fileRef = 3C0CE7542B8F7A58001B42CD /* Pomodoro Timer SetUp Page.swift */; };
		3C0CE7572B8F7A75001B42CD /* Normal Timer SetUp Page.swift in Sources */ = {isa = PBXBuildFile; fileRef = 3C0CE7562B8F7A75001B42CD /* Normal Timer SetUp Page.swift */; };
		3C0CE7592B8F7AF6001B42CD /* Repetition Timer SetUp Page.swift in Sources */ = {isa = PBXBuildFile; fileRef = 3C0CE7582B8F7AF6001B42CD /* Repetition Timer SetUp Page.swift */; };
		3C0CE75B2B8F7B34001B42CD /* Test Sim Timer SetUp Page.swift in Sources */ = {isa = PBXBuildFile; fileRef = 3C0CE75A2B8F7B34001B42CD /* Test Sim Timer SetUp Page.swift */; };
		3C0D25962B581E1700FFC280 /* DiGiDeskApp.swift in Sources */ = {isa = PBXBuildFile; fileRef = 3C0D25952B581E1700FFC280 /* DiGiDeskApp.swift */; };
		3C0D25982B581E1700FFC280 /* ContentView.swift in Sources */ = {isa = PBXBuildFile; fileRef = 3C0D25972B581E1700FFC280 /* ContentView.swift */; };
		3C0D259A2B581E1800FFC280 /* Assets.xcassets in Resources */ = {isa = PBXBuildFile; fileRef = 3C0D25992B581E1800FFC280 /* Assets.xcassets */; };
		3C0D259D2B581E1800FFC280 /* Preview Assets.xcassets in Resources */ = {isa = PBXBuildFile; fileRef = 3C0D259C2B581E1800FFC280 /* Preview Assets.xcassets */; };
		3C0D25A32B581E1800FFC280 /* DiGiDesk Watch App.app in Embed Watch Content */ = {isa = PBXBuildFile; fileRef = 3C0D25A22B581E1800FFC280 /* DiGiDesk Watch App.app */; settings = {ATTRIBUTES = (RemoveHeadersOnCopy, ); }; };
		3C0D25A82B581E1800FFC280 /* DiGiDeskApp.swift in Sources */ = {isa = PBXBuildFile; fileRef = 3C0D25A72B581E1800FFC280 /* DiGiDeskApp.swift */; };
		3C0D25AA2B581E1800FFC280 /* ContentView.swift in Sources */ = {isa = PBXBuildFile; fileRef = 3C0D25A92B581E1800FFC280 /* ContentView.swift */; };
		3C0D25AC2B581E1900FFC280 /* Assets.xcassets in Resources */ = {isa = PBXBuildFile; fileRef = 3C0D25AB2B581E1900FFC280 /* Assets.xcassets */; };
		3C0D25AF2B581E1900FFC280 /* Preview Assets.xcassets in Resources */ = {isa = PBXBuildFile; fileRef = 3C0D25AE2B581E1900FFC280 /* Preview Assets.xcassets */; };
		3C161A862BD334A400181795 /* PDF Display Test Page.swift in Sources */ = {isa = PBXBuildFile; fileRef = 3C161A852BD334A400181795 /* PDF Display Test Page.swift */; };
		3C33CCD92BB6B4210082E80F /* Localizable.xcstrings in Resources */ = {isa = PBXBuildFile; fileRef = 3C33CCD82BB6B4210082E80F /* Localizable.xcstrings */; };
		3C3DC4DE2BC54A3B000E3E99 /* Study Ring Background Creator.swift in Sources */ = {isa = PBXBuildFile; fileRef = 3C3DC4DD2BC54A3B000E3E99 /* Study Ring Background Creator.swift */; };
		3C40189D2BA0672F002423F6 /* Calendar Page.swift in Sources */ = {isa = PBXBuildFile; fileRef = 3C40189C2BA0672F002423F6 /* Calendar Page.swift */; };
		3C54815D2B88E83500F08AEF /* Flash Card Creator Page.swift in Sources */ = {isa = PBXBuildFile; fileRef = 3C54815A2B88E4FB00F08AEF /* Flash Card Creator Page.swift */; };
		3C5B1D372BA09F6700B18EB6 /* Calendar Task Model.swift in Sources */ = {isa = PBXBuildFile; fileRef = 3C5B1D362BA09F6700B18EB6 /* Calendar Task Model.swift */; };
		3C5B1D3B2BA0A35200B18EB6 /* Calendar Task List View.swift in Sources */ = {isa = PBXBuildFile; fileRef = 3C5B1D3A2BA0A35200B18EB6 /* Calendar Task List View.swift */; };
		3C5B1D3D2BA0A5D500B18EB6 /* Update Calendar Task View.swift in Sources */ = {isa = PBXBuildFile; fileRef = 3C5B1D3C2BA0A5D500B18EB6 /* Update Calendar Task View.swift */; };
		3C5B1D3F2BA0A6A200B18EB6 /* Create Calendar Task View.swift in Sources */ = {isa = PBXBuildFile; fileRef = 3C5B1D3E2BA0A6A200B18EB6 /* Create Calendar Task View.swift */; };
		3C825B142B84A08300EA55CD /* Launch Screen.storyboard in Resources */ = {isa = PBXBuildFile; fileRef = 3C825B132B84A08300EA55CD /* Launch Screen.storyboard */; };
		3C8C202A2BADD3E200DEDC0D /* Calendar Task ViewModel.swift in Sources */ = {isa = PBXBuildFile; fileRef = 3C8C20292BADD3E200DEDC0D /* Calendar Task ViewModel.swift */; };
		3C989AF72BAE3870008BD7A5 /* Daily Task Sheet View.swift in Sources */ = {isa = PBXBuildFile; fileRef = 3C989AF62BAE3870008BD7A5 /* Daily Task Sheet View.swift */; };
		3C991E4D2B93F7AA006C88F9 /* Japanese_School_Bell02-01(Slow-Long)audio.mp3 in Resources */ = {isa = PBXBuildFile; fileRef = 3C991E4C2B93F7A9006C88F9 /* Japanese_School_Bell02-01(Slow-Long)audio.mp3 */; };
		3CA8E6E72BA9E23F003CAD1B /* CalendarView in Frameworks */ = {isa = PBXBuildFile; productRef = 3CA8E6E62BA9E23F003CAD1B /* CalendarView */; };
		3CAC0BD92B5A9F2D000F474D /* Add New Book Page.swift in Sources */ = {isa = PBXBuildFile; fileRef = 3CAC0BD82B5A9F2D000F474D /* Add New Book Page.swift */; };
		3CAC0BDD2B5AA03B000F474D /* Book Data Manager.swift in Sources */ = {isa = PBXBuildFile; fileRef = 3CAC0BDC2B5AA03B000F474D /* Book Data Manager.swift */; };
		3CB4A1342B96C82600D74657 /* WidgetKit.framework in Frameworks */ = {isa = PBXBuildFile; fileRef = 3CB4A1332B96C82600D74657 /* WidgetKit.framework */; };
		3CB4A1362B96C82600D74657 /* SwiftUI.framework in Frameworks */ = {isa = PBXBuildFile; fileRef = 3CB4A1352B96C82600D74657 /* SwiftUI.framework */; };
		3CB4A1392B96C82600D74657 /* DiGiDesk_Timer_WidgetsBundle.swift in Sources */ = {isa = PBXBuildFile; fileRef = 3CB4A1382B96C82600D74657 /* DiGiDesk_Timer_WidgetsBundle.swift */; };
		3CB4A13B2B96C82600D74657 /* DiGiDesk_Timer_WidgetsLiveActivity.swift in Sources */ = {isa = PBXBuildFile; fileRef = 3CB4A13A2B96C82600D74657 /* DiGiDesk_Timer_WidgetsLiveActivity.swift */; };
		3CB4A13D2B96C82600D74657 /* DiGiDesk_Timer_Widgets.swift in Sources */ = {isa = PBXBuildFile; fileRef = 3CB4A13C2B96C82600D74657 /* DiGiDesk_Timer_Widgets.swift */; };
		3CB4A13F2B96C82600D74657 /* AppIntent.swift in Sources */ = {isa = PBXBuildFile; fileRef = 3CB4A13E2B96C82600D74657 /* AppIntent.swift */; };
		3CB4A1412B96C82700D74657 /* Assets.xcassets in Resources */ = {isa = PBXBuildFile; fileRef = 3CB4A1402B96C82700D74657 /* Assets.xcassets */; };
		3CB4A1452B96C82700D74657 /* DiGiDesk Timer WidgetsExtension.appex in Embed Foundation Extensions */ = {isa = PBXBuildFile; fileRef = 3CB4A1312B96C82600D74657 /* DiGiDesk Timer WidgetsExtension.appex */; settings = {ATTRIBUTES = (RemoveHeadersOnCopy, ); }; };
		3CC230EC2BA1AB8800D12FB0 /* Task Calendar-List Combined Page.swift in Sources */ = {isa = PBXBuildFile; fileRef = 3CC230EB2BA1AB8800D12FB0 /* Task Calendar-List Combined Page.swift */; };
		3CC230EE2BA1AE4900D12FB0 /* Study Rings View.swift in Sources */ = {isa = PBXBuildFile; fileRef = 3CC230ED2BA1AE4900D12FB0 /* Study Rings View.swift */; };
		3CDAA7532B8A3824005A0776 /* Timers Home Page.swift in Sources */ = {isa = PBXBuildFile; fileRef = 3CDAA7522B8A3824005A0776 /* Timers Home Page.swift */; };
		3CDCF4122B596D0200EF4846 /* Book Shelf Page.swift in Sources */ = {isa = PBXBuildFile; fileRef = 3CDCF4112B596D0200EF4846 /* Book Shelf Page.swift */; };
		3CEE560B2B5945BE0030C170 /* Custom Tab Bar.swift in Sources */ = {isa = PBXBuildFile; fileRef = 3CEE560A2B5945BE0030C170 /* Custom Tab Bar.swift */; };
/* End PBXBuildFile section */

/* Begin PBXContainerItemProxy section */
		3C0D25A42B581E1800FFC280 /* PBXContainerItemProxy */ = {
			isa = PBXContainerItemProxy;
			containerPortal = 3C0D258A2B581E1700FFC280 /* Project object */;
			proxyType = 1;
			remoteGlobalIDString = 3C0D25A12B581E1800FFC280;
			remoteInfo = "DiGiDesk Watch App";
		};
		3CB4A1432B96C82700D74657 /* PBXContainerItemProxy */ = {
			isa = PBXContainerItemProxy;
			containerPortal = 3C0D258A2B581E1700FFC280 /* Project object */;
			proxyType = 1;
			remoteGlobalIDString = 3CB4A1302B96C82600D74657;
			remoteInfo = "DiGiDesk Timer WidgetsExtension";
		};
/* End PBXContainerItemProxy section */

/* Begin PBXCopyFilesBuildPhase section */
		3C0D25B52B581E1900FFC280 /* Embed Watch Content */ = {
			isa = PBXCopyFilesBuildPhase;
			buildActionMask = 2147483647;
			dstPath = "$(CONTENTS_FOLDER_PATH)/Watch";
			dstSubfolderSpec = 16;
			files = (
				3C0D25A32B581E1800FFC280 /* DiGiDesk Watch App.app in Embed Watch Content */,
			);
			name = "Embed Watch Content";
			runOnlyForDeploymentPostprocessing = 0;
		};
		3C370B0B2B968F7A000B7301 /* Embed Foundation Extensions */ = {
			isa = PBXCopyFilesBuildPhase;
			buildActionMask = 2147483647;
			dstPath = "";
			dstSubfolderSpec = 13;
			files = (
				3CB4A1452B96C82700D74657 /* DiGiDesk Timer WidgetsExtension.appex in Embed Foundation Extensions */,
			);
			name = "Embed Foundation Extensions";
			runOnlyForDeploymentPostprocessing = 0;
		};
/* End PBXCopyFilesBuildPhase section */

/* Begin PBXFileReference section */
		3C0422A42B9CAD400076C193 /* Watch Connector.swift */ = {isa = PBXFileReference; lastKnownFileType = sourcecode.swift; path = "Watch Connector.swift"; sourceTree = "<group>"; };
		3C0422A62B9CAE9A0076C193 /* WatchConnectivity.framework */ = {isa = PBXFileReference; lastKnownFileType = wrapper.framework; name = WatchConnectivity.framework; path = Platforms/iPhoneOS.platform/Developer/SDKs/iPhoneOS17.4.sdk/System/Library/Frameworks/WatchConnectivity.framework; sourceTree = DEVELOPER_DIR; };
		3C0AED6D2B660835004078C5 /* List of Exam URLs.swift */ = {isa = PBXFileReference; lastKnownFileType = sourcecode.swift; path = "List of Exam URLs.swift"; sourceTree = "<group>"; };
		3C0CE7542B8F7A58001B42CD /* Pomodoro Timer SetUp Page.swift */ = {isa = PBXFileReference; lastKnownFileType = sourcecode.swift; path = "Pomodoro Timer SetUp Page.swift"; sourceTree = "<group>"; };
		3C0CE7562B8F7A75001B42CD /* Normal Timer SetUp Page.swift */ = {isa = PBXFileReference; lastKnownFileType = sourcecode.swift; path = "Normal Timer SetUp Page.swift"; sourceTree = "<group>"; };
		3C0CE7582B8F7AF6001B42CD /* Repetition Timer SetUp Page.swift */ = {isa = PBXFileReference; lastKnownFileType = sourcecode.swift; path = "Repetition Timer SetUp Page.swift"; sourceTree = "<group>"; };
		3C0CE75A2B8F7B34001B42CD /* Test Sim Timer SetUp Page.swift */ = {isa = PBXFileReference; lastKnownFileType = sourcecode.swift; path = "Test Sim Timer SetUp Page.swift"; sourceTree = "<group>"; };
		3C0D25922B581E1700FFC280 /* DiGiDesk.app */ = {isa = PBXFileReference; explicitFileType = wrapper.application; includeInIndex = 0; path = DiGiDesk.app; sourceTree = BUILT_PRODUCTS_DIR; };
		3C0D25952B581E1700FFC280 /* DiGiDeskApp.swift */ = {isa = PBXFileReference; lastKnownFileType = sourcecode.swift; path = DiGiDeskApp.swift; sourceTree = "<group>"; };
		3C0D25972B581E1700FFC280 /* ContentView.swift */ = {isa = PBXFileReference; lastKnownFileType = sourcecode.swift; path = ContentView.swift; sourceTree = "<group>"; };
		3C0D25992B581E1800FFC280 /* Assets.xcassets */ = {isa = PBXFileReference; lastKnownFileType = folder.assetcatalog; path = Assets.xcassets; sourceTree = "<group>"; };
		3C0D259C2B581E1800FFC280 /* Preview Assets.xcassets */ = {isa = PBXFileReference; lastKnownFileType = folder.assetcatalog; path = "Preview Assets.xcassets"; sourceTree = "<group>"; };
		3C0D25A22B581E1800FFC280 /* DiGiDesk Watch App.app */ = {isa = PBXFileReference; explicitFileType = wrapper.application; includeInIndex = 0; path = "DiGiDesk Watch App.app"; sourceTree = BUILT_PRODUCTS_DIR; };
		3C0D25A72B581E1800FFC280 /* DiGiDeskApp.swift */ = {isa = PBXFileReference; lastKnownFileType = sourcecode.swift; path = DiGiDeskApp.swift; sourceTree = "<group>"; };
		3C0D25A92B581E1800FFC280 /* ContentView.swift */ = {isa = PBXFileReference; lastKnownFileType = sourcecode.swift; path = ContentView.swift; sourceTree = "<group>"; };
		3C0D25AB2B581E1900FFC280 /* Assets.xcassets */ = {isa = PBXFileReference; lastKnownFileType = folder.assetcatalog; path = Assets.xcassets; sourceTree = "<group>"; };
		3C0D25AE2B581E1900FFC280 /* Preview Assets.xcassets */ = {isa = PBXFileReference; lastKnownFileType = folder.assetcatalog; path = "Preview Assets.xcassets"; sourceTree = "<group>"; };
		3C161A852BD334A400181795 /* PDF Display Test Page.swift */ = {isa = PBXFileReference; lastKnownFileType = sourcecode.swift; path = "PDF Display Test Page.swift"; sourceTree = "<group>"; };
		3C33CCD82BB6B4210082E80F /* Localizable.xcstrings */ = {isa = PBXFileReference; lastKnownFileType = text.json.xcstrings; path = Localizable.xcstrings; sourceTree = "<group>"; };
		3C3DC4DD2BC54A3B000E3E99 /* Study Ring Background Creator.swift */ = {isa = PBXFileReference; lastKnownFileType = sourcecode.swift; path = "Study Ring Background Creator.swift"; sourceTree = "<group>"; };
		3C40189C2BA0672F002423F6 /* Calendar Page.swift */ = {isa = PBXFileReference; lastKnownFileType = sourcecode.swift; path = "Calendar Page.swift"; sourceTree = "<group>"; };
		3C54815A2B88E4FB00F08AEF /* Flash Card Creator Page.swift */ = {isa = PBXFileReference; lastKnownFileType = sourcecode.swift; path = "Flash Card Creator Page.swift"; sourceTree = "<group>"; };
		3C5B1D362BA09F6700B18EB6 /* Calendar Task Model.swift */ = {isa = PBXFileReference; lastKnownFileType = sourcecode.swift; path = "Calendar Task Model.swift"; sourceTree = "<group>"; };
		3C5B1D3A2BA0A35200B18EB6 /* Calendar Task List View.swift */ = {isa = PBXFileReference; lastKnownFileType = sourcecode.swift; path = "Calendar Task List View.swift"; sourceTree = "<group>"; };
		3C5B1D3C2BA0A5D500B18EB6 /* Update Calendar Task View.swift */ = {isa = PBXFileReference; lastKnownFileType = sourcecode.swift; path = "Update Calendar Task View.swift"; sourceTree = "<group>"; };
		3C5B1D3E2BA0A6A200B18EB6 /* Create Calendar Task View.swift */ = {isa = PBXFileReference; lastKnownFileType = sourcecode.swift; path = "Create Calendar Task View.swift"; sourceTree = "<group>"; };
		3C825B132B84A08300EA55CD /* Launch Screen.storyboard */ = {isa = PBXFileReference; lastKnownFileType = file.storyboard; path = "Launch Screen.storyboard"; sourceTree = "<group>"; };
		3C8C20292BADD3E200DEDC0D /* Calendar Task ViewModel.swift */ = {isa = PBXFileReference; lastKnownFileType = sourcecode.swift; path = "Calendar Task ViewModel.swift"; sourceTree = "<group>"; };
		3C989AF62BAE3870008BD7A5 /* Daily Task Sheet View.swift */ = {isa = PBXFileReference; lastKnownFileType = sourcecode.swift; path = "Daily Task Sheet View.swift"; sourceTree = "<group>"; };
		3C991E4C2B93F7A9006C88F9 /* Japanese_School_Bell02-01(Slow-Long)audio.mp3 */ = {isa = PBXFileReference; lastKnownFileType = audio.mp3; path = "Japanese_School_Bell02-01(Slow-Long)audio.mp3"; sourceTree = "<group>"; };
		3CA06F772B9768D0003603B8 /* Info.plist */ = {isa = PBXFileReference; lastKnownFileType = text.plist; path = Info.plist; sourceTree = "<group>"; };
		3CAC0BD82B5A9F2D000F474D /* Add New Book Page.swift */ = {isa = PBXFileReference; lastKnownFileType = sourcecode.swift; path = "Add New Book Page.swift"; sourceTree = "<group>"; };
		3CAC0BDC2B5AA03B000F474D /* Book Data Manager.swift */ = {isa = PBXFileReference; lastKnownFileType = sourcecode.swift; path = "Book Data Manager.swift"; sourceTree = "<group>"; };
		3CB4A1312B96C82600D74657 /* DiGiDesk Timer WidgetsExtension.appex */ = {isa = PBXFileReference; explicitFileType = "wrapper.app-extension"; includeInIndex = 0; path = "DiGiDesk Timer WidgetsExtension.appex"; sourceTree = BUILT_PRODUCTS_DIR; };
		3CB4A1332B96C82600D74657 /* WidgetKit.framework */ = {isa = PBXFileReference; lastKnownFileType = wrapper.framework; name = WidgetKit.framework; path = System/Library/Frameworks/WidgetKit.framework; sourceTree = SDKROOT; };
		3CB4A1352B96C82600D74657 /* SwiftUI.framework */ = {isa = PBXFileReference; lastKnownFileType = wrapper.framework; name = SwiftUI.framework; path = System/Library/Frameworks/SwiftUI.framework; sourceTree = SDKROOT; };
		3CB4A1382B96C82600D74657 /* DiGiDesk_Timer_WidgetsBundle.swift */ = {isa = PBXFileReference; lastKnownFileType = sourcecode.swift; path = DiGiDesk_Timer_WidgetsBundle.swift; sourceTree = "<group>"; };
		3CB4A13A2B96C82600D74657 /* DiGiDesk_Timer_WidgetsLiveActivity.swift */ = {isa = PBXFileReference; lastKnownFileType = sourcecode.swift; path = DiGiDesk_Timer_WidgetsLiveActivity.swift; sourceTree = "<group>"; };
		3CB4A13C2B96C82600D74657 /* DiGiDesk_Timer_Widgets.swift */ = {isa = PBXFileReference; lastKnownFileType = sourcecode.swift; path = DiGiDesk_Timer_Widgets.swift; sourceTree = "<group>"; };
		3CB4A13E2B96C82600D74657 /* AppIntent.swift */ = {isa = PBXFileReference; lastKnownFileType = sourcecode.swift; path = AppIntent.swift; sourceTree = "<group>"; };
		3CB4A1402B96C82700D74657 /* Assets.xcassets */ = {isa = PBXFileReference; lastKnownFileType = folder.assetcatalog; path = Assets.xcassets; sourceTree = "<group>"; };
		3CB4A1422B96C82700D74657 /* Info.plist */ = {isa = PBXFileReference; lastKnownFileType = text.plist.xml; path = Info.plist; sourceTree = "<group>"; };
		3CC230EB2BA1AB8800D12FB0 /* Task Calendar-List Combined Page.swift */ = {isa = PBXFileReference; lastKnownFileType = sourcecode.swift; path = "Task Calendar-List Combined Page.swift"; sourceTree = "<group>"; };
		3CC230ED2BA1AE4900D12FB0 /* Study Rings View.swift */ = {isa = PBXFileReference; lastKnownFileType = sourcecode.swift; path = "Study Rings View.swift"; sourceTree = "<group>"; };
		3CDAA7522B8A3824005A0776 /* Timers Home Page.swift */ = {isa = PBXFileReference; lastKnownFileType = sourcecode.swift; path = "Timers Home Page.swift"; sourceTree = "<group>"; };
		3CDCF4112B596D0200EF4846 /* Book Shelf Page.swift */ = {isa = PBXFileReference; lastKnownFileType = sourcecode.swift; path = "Book Shelf Page.swift"; sourceTree = "<group>"; };
		3CEE560A2B5945BE0030C170 /* Custom Tab Bar.swift */ = {isa = PBXFileReference; lastKnownFileType = sourcecode.swift; path = "Custom Tab Bar.swift"; sourceTree = "<group>"; };
/* End PBXFileReference section */

/* Begin PBXFrameworksBuildPhase section */
		3C0D258F2B581E1700FFC280 /* Frameworks */ = {
			isa = PBXFrameworksBuildPhase;
			buildActionMask = 2147483647;
			files = (
				3CA8E6E72BA9E23F003CAD1B /* CalendarView in Frameworks */,
			);
			runOnlyForDeploymentPostprocessing = 0;
		};
		3C0D259F2B581E1800FFC280 /* Frameworks */ = {
			isa = PBXFrameworksBuildPhase;
			buildActionMask = 2147483647;
			files = (
			);
			runOnlyForDeploymentPostprocessing = 0;
		};
		3CB4A12E2B96C82600D74657 /* Frameworks */ = {
			isa = PBXFrameworksBuildPhase;
			buildActionMask = 2147483647;
			files = (
				3CB4A1362B96C82600D74657 /* SwiftUI.framework in Frameworks */,
				3CB4A1342B96C82600D74657 /* WidgetKit.framework in Frameworks */,
				3C0422A72B9CAE9A0076C193 /* WatchConnectivity.framework in Frameworks */,
			);
			runOnlyForDeploymentPostprocessing = 0;
		};
/* End PBXFrameworksBuildPhase section */

/* Begin PBXGroup section */
		3C0AED6C2B6607BA004078C5 /* Views forOther Functionalities */ = {
			isa = PBXGroup;
			children = (
				3C0AED6D2B660835004078C5 /* List of Exam URLs.swift */,
				3CDAA7512B8A37C2005A0776 /* Timers */,
				3C54815C2B88E81000F08AEF /* Flash Cards */,
			);
			path = "Views forOther Functionalities";
			sourceTree = "<group>";
		};
		3C0D25892B581E1700FFC280 = {
			isa = PBXGroup;
			children = (
				3C33CCD82BB6B4210082E80F /* Localizable.xcstrings */,
				3C0D25942B581E1700FFC280 /* DiGiDesk */,
				3CB4A1372B96C82600D74657 /* DiGiDesk Timer Widgets */,
				3CB4A1322B96C82600D74657 /* Frameworks */,
				3C0D25A62B581E1800FFC280 /* DiGiDesk Watch App */,
				3C0D25932B581E1700FFC280 /* Products */,
			);
			sourceTree = "<group>";
		};
		3C0D25932B581E1700FFC280 /* Products */ = {
			isa = PBXGroup;
			children = (
				3C0D25922B581E1700FFC280 /* DiGiDesk.app */,
				3C0D25A22B581E1800FFC280 /* DiGiDesk Watch App.app */,
				3CB4A1312B96C82600D74657 /* DiGiDesk Timer WidgetsExtension.appex */,
			);
			name = Products;
			sourceTree = "<group>";
		};
		3C0D25942B581E1700FFC280 /* DiGiDesk */ = {
			isa = PBXGroup;
			children = (
				3CA06F772B9768D0003603B8 /* Info.plist */,
				3C0D25952B581E1700FFC280 /* DiGiDeskApp.swift */,
				3C0D25972B581E1700FFC280 /* ContentView.swift */,
				3CEE56092B5945930030C170 /* Custom Tab Bar */,
				3CDCF4102B596CBF00EF4846 /* Book Shelf */,
				3CDCF4132B596D0F00EF4846 /* Calendar */,
				3C0AED6C2B6607BA004078C5 /* Views forOther Functionalities */,
				3C0422A42B9CAD400076C193 /* Watch Connector.swift */,
				3C825B132B84A08300EA55CD /* Launch Screen.storyboard */,
				3C0D25992B581E1800FFC280 /* Assets.xcassets */,
				3C0D259B2B581E1800FFC280 /* Preview Content */,
			);
			path = DiGiDesk;
			sourceTree = "<group>";
		};
		3C0D259B2B581E1800FFC280 /* Preview Content */ = {
			isa = PBXGroup;
			children = (
				3C0D259C2B581E1800FFC280 /* Preview Assets.xcassets */,
			);
			path = "Preview Content";
			sourceTree = "<group>";
		};
		3C0D25A62B581E1800FFC280 /* DiGiDesk Watch App */ = {
			isa = PBXGroup;
			children = (
				3C0D25A72B581E1800FFC280 /* DiGiDeskApp.swift */,
				3C0D25A92B581E1800FFC280 /* ContentView.swift */,
				3CDCF4162B596D7500EF4846 /* Timers */,
				3C0D25AB2B581E1900FFC280 /* Assets.xcassets */,
				3C0D25AD2B581E1900FFC280 /* Preview Content */,
			);
			path = "DiGiDesk Watch App";
			sourceTree = "<group>";
		};
		3C0D25AD2B581E1900FFC280 /* Preview Content */ = {
			isa = PBXGroup;
			children = (
				3C0D25AE2B581E1900FFC280 /* Preview Assets.xcassets */,
			);
			path = "Preview Content";
			sourceTree = "<group>";
		};
		3C54815C2B88E81000F08AEF /* Flash Cards */ = {
			isa = PBXGroup;
			children = (
				3C54815A2B88E4FB00F08AEF /* Flash Card Creator Page.swift */,
			);
			path = "Flash Cards";
			sourceTree = "<group>";
		};
		3CB4A1322B96C82600D74657 /* Frameworks */ = {
			isa = PBXGroup;
			children = (
				3C0422A62B9CAE9A0076C193 /* WatchConnectivity.framework */,
				3CB4A1332B96C82600D74657 /* WidgetKit.framework */,
				3CB4A1352B96C82600D74657 /* SwiftUI.framework */,
			);
			name = Frameworks;
			sourceTree = "<group>";
		};
		3CB4A1372B96C82600D74657 /* DiGiDesk Timer Widgets */ = {
			isa = PBXGroup;
			children = (
				3CB4A1382B96C82600D74657 /* DiGiDesk_Timer_WidgetsBundle.swift */,
				3CB4A13A2B96C82600D74657 /* DiGiDesk_Timer_WidgetsLiveActivity.swift */,
				3CB4A13C2B96C82600D74657 /* DiGiDesk_Timer_Widgets.swift */,
				3CB4A13E2B96C82600D74657 /* AppIntent.swift */,
				3CB4A1402B96C82700D74657 /* Assets.xcassets */,
				3CB4A1422B96C82700D74657 /* Info.plist */,
			);
			path = "DiGiDesk Timer Widgets";
			sourceTree = "<group>";
		};
		3CDAA7512B8A37C2005A0776 /* Timers */ = {
			isa = PBXGroup;
			children = (
				3C991E4C2B93F7A9006C88F9 /* Japanese_School_Bell02-01(Slow-Long)audio.mp3 */,
				3CDAA7522B8A3824005A0776 /* Timers Home Page.swift */,
				3C0CE7562B8F7A75001B42CD /* Normal Timer SetUp Page.swift */,
				3C0CE7542B8F7A58001B42CD /* Pomodoro Timer SetUp Page.swift */,
				3C0CE7582B8F7AF6001B42CD /* Repetition Timer SetUp Page.swift */,
				3C0CE75A2B8F7B34001B42CD /* Test Sim Timer SetUp Page.swift */,
			);
			path = Timers;
			sourceTree = "<group>";
		};
		3CDCF4102B596CBF00EF4846 /* Book Shelf */ = {
			isa = PBXGroup;
			children = (
				3CDCF4112B596D0200EF4846 /* Book Shelf Page.swift */,
				3C161A852BD334A400181795 /* PDF Display Test Page.swift */,
				3CAC0BD82B5A9F2D000F474D /* Add New Book Page.swift */,
				3CAC0BDC2B5AA03B000F474D /* Book Data Manager.swift */,
			);
			path = "Book Shelf";
			sourceTree = "<group>";
		};
		3CDCF4132B596D0F00EF4846 /* Calendar */ = {
			isa = PBXGroup;
			children = (
				3CC230EB2BA1AB8800D12FB0 /* Task Calendar-List Combined Page.swift */,
				3C40189C2BA0672F002423F6 /* Calendar Page.swift */,
				3C5B1D3A2BA0A35200B18EB6 /* Calendar Task List View.swift */,
				3C989AF62BAE3870008BD7A5 /* Daily Task Sheet View.swift */,
				3CC230ED2BA1AE4900D12FB0 /* Study Rings View.swift */,
				3C3DC4DD2BC54A3B000E3E99 /* Study Ring Background Creator.swift */,
				3C5B1D362BA09F6700B18EB6 /* Calendar Task Model.swift */,
				3C8C20292BADD3E200DEDC0D /* Calendar Task ViewModel.swift */,
				3C5B1D3C2BA0A5D500B18EB6 /* Update Calendar Task View.swift */,
				3C5B1D3E2BA0A6A200B18EB6 /* Create Calendar Task View.swift */,
			);
			path = Calendar;
			sourceTree = "<group>";
		};
		3CDCF4162B596D7500EF4846 /* Timers */ = {
			isa = PBXGroup;
			children = (
			);
			path = Timers;
			sourceTree = "<group>";
		};
		3CEE56092B5945930030C170 /* Custom Tab Bar */ = {
			isa = PBXGroup;
			children = (
				3CEE560A2B5945BE0030C170 /* Custom Tab Bar.swift */,
			);
			path = "Custom Tab Bar";
			sourceTree = "<group>";
		};
/* End PBXGroup section */

/* Begin PBXNativeTarget section */
		3C0D25912B581E1700FFC280 /* DiGiDesk */ = {
			isa = PBXNativeTarget;
			buildConfigurationList = 3C0D25B62B581E1900FFC280 /* Build configuration list for PBXNativeTarget "DiGiDesk" */;
			buildPhases = (
				3C0D258E2B581E1700FFC280 /* Sources */,
				3C0D258F2B581E1700FFC280 /* Frameworks */,
				3C0D25902B581E1700FFC280 /* Resources */,
				3C0D25B52B581E1900FFC280 /* Embed Watch Content */,
				3C370B0B2B968F7A000B7301 /* Embed Foundation Extensions */,
			);
			buildRules = (
			);
			dependencies = (
				3C0D25A52B581E1800FFC280 /* PBXTargetDependency */,
				3CB4A1442B96C82700D74657 /* PBXTargetDependency */,
			);
			name = DiGiDesk;
			packageProductDependencies = (
				3CA8E6E62BA9E23F003CAD1B /* CalendarView */,
			);
			productName = DiGiDesk;
			productReference = 3C0D25922B581E1700FFC280 /* DiGiDesk.app */;
			productType = "com.apple.product-type.application";
		};
		3C0D25A12B581E1800FFC280 /* DiGiDesk Watch App */ = {
			isa = PBXNativeTarget;
			buildConfigurationList = 3C0D25B22B581E1900FFC280 /* Build configuration list for PBXNativeTarget "DiGiDesk Watch App" */;
			buildPhases = (
				3C0D259E2B581E1800FFC280 /* Sources */,
				3C0D259F2B581E1800FFC280 /* Frameworks */,
				3C0D25A02B581E1800FFC280 /* Resources */,
			);
			buildRules = (
			);
			dependencies = (
			);
			name = "DiGiDesk Watch App";
			productName = "DiGiDesk Watch App";
			productReference = 3C0D25A22B581E1800FFC280 /* DiGiDesk Watch App.app */;
			productType = "com.apple.product-type.application";
		};
		3CB4A1302B96C82600D74657 /* DiGiDesk Timer WidgetsExtension */ = {
			isa = PBXNativeTarget;
			buildConfigurationList = 3CB4A1482B96C82800D74657 /* Build configuration list for PBXNativeTarget "DiGiDesk Timer WidgetsExtension" */;
			buildPhases = (
				3CB4A12D2B96C82600D74657 /* Sources */,
				3CB4A12E2B96C82600D74657 /* Frameworks */,
				3CB4A12F2B96C82600D74657 /* Resources */,
			);
			buildRules = (
			);
			dependencies = (
			);
			name = "DiGiDesk Timer WidgetsExtension";
			productName = "DiGiDesk Timer WidgetsExtension";
			productReference = 3CB4A1312B96C82600D74657 /* DiGiDesk Timer WidgetsExtension.appex */;
			productType = "com.apple.product-type.app-extension";
		};
/* End PBXNativeTarget section */

/* Begin PBXProject section */
		3C0D258A2B581E1700FFC280 /* Project object */ = {
			isa = PBXProject;
			attributes = {
				BuildIndependentTargetsInParallel = 1;
				LastSwiftUpdateCheck = 1520;
				LastUpgradeCheck = 1530;
				TargetAttributes = {
					3C0D25912B581E1700FFC280 = {
						CreatedOnToolsVersion = 15.2;
					};
					3C0D25A12B581E1800FFC280 = {
						CreatedOnToolsVersion = 15.2;
					};
					3CB4A1302B96C82600D74657 = {
						CreatedOnToolsVersion = 15.2;
					};
				};
			};
			buildConfigurationList = 3C0D258D2B581E1700FFC280 /* Build configuration list for PBXProject "DiGiDesk" */;
			compatibilityVersion = "Xcode 14.0";
			developmentRegion = en;
			hasScannedForEncodings = 0;
			knownRegions = (
				en,
				Base,
				ja,
			);
			mainGroup = 3C0D25892B581E1700FFC280;
			packageReferences = (
				3CA8E6E52BA9E23F003CAD1B /* XCLocalSwiftPackageReference "CalendarView-main" */,
			);
			productRefGroup = 3C0D25932B581E1700FFC280 /* Products */;
			projectDirPath = "";
			projectRoot = "";
			targets = (
				3C0D25912B581E1700FFC280 /* DiGiDesk */,
				3C0D25A12B581E1800FFC280 /* DiGiDesk Watch App */,
				3CB4A1302B96C82600D74657 /* DiGiDesk Timer WidgetsExtension */,
			);
		};
/* End PBXProject section */

/* Begin PBXResourcesBuildPhase section */
		3C0D25902B581E1700FFC280 /* Resources */ = {
			isa = PBXResourcesBuildPhase;
			buildActionMask = 2147483647;
			files = (
				3C991E4D2B93F7AA006C88F9 /* Japanese_School_Bell02-01(Slow-Long)audio.mp3 in Resources */,
				3C33CCD92BB6B4210082E80F /* Localizable.xcstrings in Resources */,
				3C825B142B84A08300EA55CD /* Launch Screen.storyboard in Resources */,
				3C0D259D2B581E1800FFC280 /* Preview Assets.xcassets in Resources */,
				3C0D259A2B581E1800FFC280 /* Assets.xcassets in Resources */,
			);
			runOnlyForDeploymentPostprocessing = 0;
		};
		3C0D25A02B581E1800FFC280 /* Resources */ = {
			isa = PBXResourcesBuildPhase;
			buildActionMask = 2147483647;
			files = (
				3C0D25AF2B581E1900FFC280 /* Preview Assets.xcassets in Resources */,
				3C0D25AC2B581E1900FFC280 /* Assets.xcassets in Resources */,
			);
			runOnlyForDeploymentPostprocessing = 0;
		};
		3CB4A12F2B96C82600D74657 /* Resources */ = {
			isa = PBXResourcesBuildPhase;
			buildActionMask = 2147483647;
			files = (
				3CB4A1412B96C82700D74657 /* Assets.xcassets in Resources */,
			);
			runOnlyForDeploymentPostprocessing = 0;
		};
/* End PBXResourcesBuildPhase section */

/* Begin PBXSourcesBuildPhase section */
		3C0D258E2B581E1700FFC280 /* Sources */ = {
			isa = PBXSourcesBuildPhase;
			buildActionMask = 2147483647;
			files = (
				3C0D25982B581E1700FFC280 /* ContentView.swift in Sources */,
				3C5B1D3D2BA0A5D500B18EB6 /* Update Calendar Task View.swift in Sources */,
				3C161A862BD334A400181795 /* PDF Display Test Page.swift in Sources */,
				3CEE560B2B5945BE0030C170 /* Custom Tab Bar.swift in Sources */,
				3C5B1D372BA09F6700B18EB6 /* Calendar Task Model.swift in Sources */,
				3CC230EE2BA1AE4900D12FB0 /* Study Rings View.swift in Sources */,
				3C0CE7552B8F7A58001B42CD /* Pomodoro Timer SetUp Page.swift in Sources */,
				3C989AF72BAE3870008BD7A5 /* Daily Task Sheet View.swift in Sources */,
				3C3DC4DE2BC54A3B000E3E99 /* Study Ring Background Creator.swift in Sources */,
				3C0CE75B2B8F7B34001B42CD /* Test Sim Timer SetUp Page.swift in Sources */,
				3CC230EC2BA1AB8800D12FB0 /* Task Calendar-List Combined Page.swift in Sources */,
				3C0CE7572B8F7A75001B42CD /* Normal Timer SetUp Page.swift in Sources */,
				3CAC0BD92B5A9F2D000F474D /* Add New Book Page.swift in Sources */,
				3C0AED6E2B660835004078C5 /* List of Exam URLs.swift in Sources */,
				3CDCF4122B596D0200EF4846 /* Book Shelf Page.swift in Sources */,
				3C0CE7592B8F7AF6001B42CD /* Repetition Timer SetUp Page.swift in Sources */,
				3C54815D2B88E83500F08AEF /* Flash Card Creator Page.swift in Sources */,
				3C0422A52B9CAD400076C193 /* Watch Connector.swift in Sources */,
				3C5B1D3B2BA0A35200B18EB6 /* Calendar Task List View.swift in Sources */,
				3C5B1D3F2BA0A6A200B18EB6 /* Create Calendar Task View.swift in Sources */,
				3CAC0BDD2B5AA03B000F474D /* Book Data Manager.swift in Sources */,
				3C40189D2BA0672F002423F6 /* Calendar Page.swift in Sources */,
				3C8C202A2BADD3E200DEDC0D /* Calendar Task ViewModel.swift in Sources */,
				3CDAA7532B8A3824005A0776 /* Timers Home Page.swift in Sources */,
				3C0D25962B581E1700FFC280 /* DiGiDeskApp.swift in Sources */,
			);
			runOnlyForDeploymentPostprocessing = 0;
		};
		3C0D259E2B581E1800FFC280 /* Sources */ = {
			isa = PBXSourcesBuildPhase;
			buildActionMask = 2147483647;
			files = (
				3C0D25AA2B581E1800FFC280 /* ContentView.swift in Sources */,
				3C0D25A82B581E1800FFC280 /* DiGiDeskApp.swift in Sources */,
			);
			runOnlyForDeploymentPostprocessing = 0;
		};
		3CB4A12D2B96C82600D74657 /* Sources */ = {
			isa = PBXSourcesBuildPhase;
			buildActionMask = 2147483647;
			files = (
				3CB4A13D2B96C82600D74657 /* DiGiDesk_Timer_Widgets.swift in Sources */,
				3CB4A13F2B96C82600D74657 /* AppIntent.swift in Sources */,
				3CB4A13B2B96C82600D74657 /* DiGiDesk_Timer_WidgetsLiveActivity.swift in Sources */,
				3CB4A1392B96C82600D74657 /* DiGiDesk_Timer_WidgetsBundle.swift in Sources */,
			);
			runOnlyForDeploymentPostprocessing = 0;
		};
/* End PBXSourcesBuildPhase section */

/* Begin PBXTargetDependency section */
		3C0D25A52B581E1800FFC280 /* PBXTargetDependency */ = {
			isa = PBXTargetDependency;
			target = 3C0D25A12B581E1800FFC280 /* DiGiDesk Watch App */;
			targetProxy = 3C0D25A42B581E1800FFC280 /* PBXContainerItemProxy */;
		};
		3CB4A1442B96C82700D74657 /* PBXTargetDependency */ = {
			isa = PBXTargetDependency;
			target = 3CB4A1302B96C82600D74657 /* DiGiDesk Timer WidgetsExtension */;
			targetProxy = 3CB4A1432B96C82700D74657 /* PBXContainerItemProxy */;
		};
/* End PBXTargetDependency section */

/* Begin XCBuildConfiguration section */
		3C0D25B02B581E1900FFC280 /* Debug */ = {
			isa = XCBuildConfiguration;
			buildSettings = {
				ALWAYS_SEARCH_USER_PATHS = NO;
				ASSETCATALOG_COMPILER_GENERATE_SWIFT_ASSET_SYMBOL_EXTENSIONS = YES;
				CLANG_ANALYZER_NONNULL = YES;
				CLANG_ANALYZER_NUMBER_OBJECT_CONVERSION = YES_AGGRESSIVE;
				CLANG_CXX_LANGUAGE_STANDARD = "gnu++20";
				CLANG_ENABLE_MODULES = YES;
				CLANG_ENABLE_OBJC_ARC = YES;
				CLANG_ENABLE_OBJC_WEAK = YES;
				CLANG_WARN_BLOCK_CAPTURE_AUTORELEASING = YES;
				CLANG_WARN_BOOL_CONVERSION = YES;
				CLANG_WARN_COMMA = YES;
				CLANG_WARN_CONSTANT_CONVERSION = YES;
				CLANG_WARN_DEPRECATED_OBJC_IMPLEMENTATIONS = YES;
				CLANG_WARN_DIRECT_OBJC_ISA_USAGE = YES_ERROR;
				CLANG_WARN_DOCUMENTATION_COMMENTS = YES;
				CLANG_WARN_EMPTY_BODY = YES;
				CLANG_WARN_ENUM_CONVERSION = YES;
				CLANG_WARN_INFINITE_RECURSION = YES;
				CLANG_WARN_INT_CONVERSION = YES;
				CLANG_WARN_NON_LITERAL_NULL_CONVERSION = YES;
				CLANG_WARN_OBJC_IMPLICIT_RETAIN_SELF = YES;
				CLANG_WARN_OBJC_LITERAL_CONVERSION = YES;
				CLANG_WARN_OBJC_ROOT_CLASS = YES_ERROR;
				CLANG_WARN_QUOTED_INCLUDE_IN_FRAMEWORK_HEADER = YES;
				CLANG_WARN_RANGE_LOOP_ANALYSIS = YES;
				CLANG_WARN_STRICT_PROTOTYPES = YES;
				CLANG_WARN_SUSPICIOUS_MOVE = YES;
				CLANG_WARN_UNGUARDED_AVAILABILITY = YES_AGGRESSIVE;
				CLANG_WARN_UNREACHABLE_CODE = YES;
				CLANG_WARN__DUPLICATE_METHOD_MATCH = YES;
				COPY_PHASE_STRIP = NO;
				DEAD_CODE_STRIPPING = YES;
				DEBUG_INFORMATION_FORMAT = dwarf;
				ENABLE_STRICT_OBJC_MSGSEND = YES;
				ENABLE_TESTABILITY = YES;
				ENABLE_USER_SCRIPT_SANDBOXING = YES;
				GCC_C_LANGUAGE_STANDARD = gnu17;
				GCC_DYNAMIC_NO_PIC = NO;
				GCC_NO_COMMON_BLOCKS = YES;
				GCC_OPTIMIZATION_LEVEL = 0;
				GCC_PREPROCESSOR_DEFINITIONS = (
					"DEBUG=1",
					"$(inherited)",
				);
				GCC_WARN_64_TO_32_BIT_CONVERSION = YES;
				GCC_WARN_ABOUT_RETURN_TYPE = YES_ERROR;
				GCC_WARN_UNDECLARED_SELECTOR = YES;
				GCC_WARN_UNINITIALIZED_AUTOS = YES_AGGRESSIVE;
				GCC_WARN_UNUSED_FUNCTION = YES;
				GCC_WARN_UNUSED_VARIABLE = YES;
				LOCALIZATION_PREFERS_STRING_CATALOGS = YES;
				MTL_ENABLE_DEBUG_INFO = INCLUDE_SOURCE;
				MTL_FAST_MATH = YES;
				ONLY_ACTIVE_ARCH = YES;
				SWIFT_ACTIVE_COMPILATION_CONDITIONS = "DEBUG $(inherited)";
				SWIFT_OPTIMIZATION_LEVEL = "-Onone";
			};
			name = Debug;
		};
		3C0D25B12B581E1900FFC280 /* Release */ = {
			isa = XCBuildConfiguration;
			buildSettings = {
				ALWAYS_SEARCH_USER_PATHS = NO;
				ASSETCATALOG_COMPILER_GENERATE_SWIFT_ASSET_SYMBOL_EXTENSIONS = YES;
				CLANG_ANALYZER_NONNULL = YES;
				CLANG_ANALYZER_NUMBER_OBJECT_CONVERSION = YES_AGGRESSIVE;
				CLANG_CXX_LANGUAGE_STANDARD = "gnu++20";
				CLANG_ENABLE_MODULES = YES;
				CLANG_ENABLE_OBJC_ARC = YES;
				CLANG_ENABLE_OBJC_WEAK = YES;
				CLANG_WARN_BLOCK_CAPTURE_AUTORELEASING = YES;
				CLANG_WARN_BOOL_CONVERSION = YES;
				CLANG_WARN_COMMA = YES;
				CLANG_WARN_CONSTANT_CONVERSION = YES;
				CLANG_WARN_DEPRECATED_OBJC_IMPLEMENTATIONS = YES;
				CLANG_WARN_DIRECT_OBJC_ISA_USAGE = YES_ERROR;
				CLANG_WARN_DOCUMENTATION_COMMENTS = YES;
				CLANG_WARN_EMPTY_BODY = YES;
				CLANG_WARN_ENUM_CONVERSION = YES;
				CLANG_WARN_INFINITE_RECURSION = YES;
				CLANG_WARN_INT_CONVERSION = YES;
				CLANG_WARN_NON_LITERAL_NULL_CONVERSION = YES;
				CLANG_WARN_OBJC_IMPLICIT_RETAIN_SELF = YES;
				CLANG_WARN_OBJC_LITERAL_CONVERSION = YES;
				CLANG_WARN_OBJC_ROOT_CLASS = YES_ERROR;
				CLANG_WARN_QUOTED_INCLUDE_IN_FRAMEWORK_HEADER = YES;
				CLANG_WARN_RANGE_LOOP_ANALYSIS = YES;
				CLANG_WARN_STRICT_PROTOTYPES = YES;
				CLANG_WARN_SUSPICIOUS_MOVE = YES;
				CLANG_WARN_UNGUARDED_AVAILABILITY = YES_AGGRESSIVE;
				CLANG_WARN_UNREACHABLE_CODE = YES;
				CLANG_WARN__DUPLICATE_METHOD_MATCH = YES;
				COPY_PHASE_STRIP = NO;
				DEAD_CODE_STRIPPING = YES;
				DEBUG_INFORMATION_FORMAT = "dwarf-with-dsym";
				ENABLE_NS_ASSERTIONS = NO;
				ENABLE_STRICT_OBJC_MSGSEND = YES;
				ENABLE_USER_SCRIPT_SANDBOXING = YES;
				GCC_C_LANGUAGE_STANDARD = gnu17;
				GCC_NO_COMMON_BLOCKS = YES;
				GCC_WARN_64_TO_32_BIT_CONVERSION = YES;
				GCC_WARN_ABOUT_RETURN_TYPE = YES_ERROR;
				GCC_WARN_UNDECLARED_SELECTOR = YES;
				GCC_WARN_UNINITIALIZED_AUTOS = YES_AGGRESSIVE;
				GCC_WARN_UNUSED_FUNCTION = YES;
				GCC_WARN_UNUSED_VARIABLE = YES;
				LOCALIZATION_PREFERS_STRING_CATALOGS = YES;
				MTL_ENABLE_DEBUG_INFO = NO;
				MTL_FAST_MATH = YES;
				SWIFT_COMPILATION_MODE = wholemodule;
			};
			name = Release;
		};
		3C0D25B32B581E1900FFC280 /* Debug */ = {
			isa = XCBuildConfiguration;
			buildSettings = {
				ASSETCATALOG_COMPILER_APPICON_NAME = AppIcon;
				ASSETCATALOG_COMPILER_GLOBAL_ACCENT_COLOR_NAME = AccentColor;
				CODE_SIGN_STYLE = Automatic;
				CURRENT_PROJECT_VERSION = 1;
				DEVELOPMENT_ASSET_PATHS = "\"DiGiDesk Watch App/Preview Content\"";
				DEVELOPMENT_TEAM = CL6U94RH5N;
				ENABLE_PREVIEWS = YES;
				GENERATE_INFOPLIST_FILE = YES;
				INFOPLIST_KEY_CFBundleDisplayName = DiGiDesk;
				INFOPLIST_KEY_UISupportedInterfaceOrientations = "UIInterfaceOrientationPortrait UIInterfaceOrientationPortraitUpsideDown";
				INFOPLIST_KEY_WKCompanionAppBundleIdentifier = "KOUTAN-App-Builders.DiGiDesk";
				LD_RUNPATH_SEARCH_PATHS = (
					"$(inherited)",
					"@executable_path/Frameworks",
				);
				MARKETING_VERSION = 1.0;
				PRODUCT_BUNDLE_IDENTIFIER = "KOUTAN-App-Builders.DiGiDesk.watchkitapp";
				PRODUCT_NAME = "$(TARGET_NAME)";
				SDKROOT = watchos;
				SKIP_INSTALL = YES;
				SWIFT_EMIT_LOC_STRINGS = YES;
				SWIFT_VERSION = 5.0;
				TARGETED_DEVICE_FAMILY = 4;
				WATCHOS_DEPLOYMENT_TARGET = 10.2;
			};
			name = Debug;
		};
		3C0D25B42B581E1900FFC280 /* Release */ = {
			isa = XCBuildConfiguration;
			buildSettings = {
				ASSETCATALOG_COMPILER_APPICON_NAME = AppIcon;
				ASSETCATALOG_COMPILER_GLOBAL_ACCENT_COLOR_NAME = AccentColor;
				CODE_SIGN_STYLE = Automatic;
				CURRENT_PROJECT_VERSION = 1;
				DEVELOPMENT_ASSET_PATHS = "\"DiGiDesk Watch App/Preview Content\"";
				DEVELOPMENT_TEAM = CL6U94RH5N;
				ENABLE_PREVIEWS = YES;
				GENERATE_INFOPLIST_FILE = YES;
				INFOPLIST_KEY_CFBundleDisplayName = DiGiDesk;
				INFOPLIST_KEY_UISupportedInterfaceOrientations = "UIInterfaceOrientationPortrait UIInterfaceOrientationPortraitUpsideDown";
				INFOPLIST_KEY_WKCompanionAppBundleIdentifier = "KOUTAN-App-Builders.DiGiDesk";
				LD_RUNPATH_SEARCH_PATHS = (
					"$(inherited)",
					"@executable_path/Frameworks",
				);
				MARKETING_VERSION = 1.0;
				PRODUCT_BUNDLE_IDENTIFIER = "KOUTAN-App-Builders.DiGiDesk.watchkitapp";
				PRODUCT_NAME = "$(TARGET_NAME)";
				SDKROOT = watchos;
				SKIP_INSTALL = YES;
				SWIFT_EMIT_LOC_STRINGS = YES;
				SWIFT_VERSION = 5.0;
				TARGETED_DEVICE_FAMILY = 4;
				VALIDATE_PRODUCT = YES;
				WATCHOS_DEPLOYMENT_TARGET = 10.2;
			};
			name = Release;
		};
		3C0D25B72B581E1900FFC280 /* Debug */ = {
			isa = XCBuildConfiguration;
			buildSettings = {
				ALWAYS_EMBED_SWIFT_STANDARD_LIBRARIES = YES;
				ASSETCATALOG_COMPILER_APPICON_NAME = AppIcon;
				ASSETCATALOG_COMPILER_GLOBAL_ACCENT_COLOR_NAME = AccentColor;
				ASSETCATALOG_COMPILER_INCLUDE_ALL_APPICON_ASSETS = NO;
				CODE_SIGN_STYLE = Automatic;
				CURRENT_PROJECT_VERSION = 1;
				DEVELOPMENT_ASSET_PATHS = "\"DiGiDesk/Preview Content\"";
				DEVELOPMENT_TEAM = CL6U94RH5N;
				ENABLE_PREVIEWS = YES;
				GENERATE_INFOPLIST_FILE = YES;
				INFOPLIST_FILE = DiGiDesk/Info.plist;
				INFOPLIST_KEY_CFBundleDisplayName = DiGiDesk;
				INFOPLIST_KEY_LSApplicationCategoryType = "public.app-category.education";
				INFOPLIST_KEY_NSSupportsLiveActivities = YES;
				INFOPLIST_KEY_UIApplicationSceneManifest_Generation = YES;
				INFOPLIST_KEY_UIApplicationSupportsIndirectInputEvents = YES;
				INFOPLIST_KEY_UILaunchScreen_Generation = YES;
				INFOPLIST_KEY_UILaunchStoryboardName = "Launch Screen.storyboard";
				INFOPLIST_KEY_UISupportedInterfaceOrientations_iPad = "UIInterfaceOrientationPortrait UIInterfaceOrientationPortraitUpsideDown UIInterfaceOrientationLandscapeLeft UIInterfaceOrientationLandscapeRight";
				INFOPLIST_KEY_UISupportedInterfaceOrientations_iPhone = "UIInterfaceOrientationPortrait UIInterfaceOrientationLandscapeLeft UIInterfaceOrientationLandscapeRight";
				IPHONEOS_DEPLOYMENT_TARGET = 17.0;
				LD_RUNPATH_SEARCH_PATHS = (
					"$(inherited)",
					"@executable_path/Frameworks",
				);
				MARKETING_VERSION = 1.0;
				PRODUCT_BUNDLE_IDENTIFIER = "KOUTAN-App-Builders.DiGiDesk";
				PRODUCT_NAME = "$(TARGET_NAME)";
				SDKROOT = iphoneos;
				SWIFT_EMIT_LOC_STRINGS = YES;
				SWIFT_VERSION = 5.0;
				TARGETED_DEVICE_FAMILY = "1,2";
			};
			name = Debug;
		};
		3C0D25B82B581E1900FFC280 /* Release */ = {
			isa = XCBuildConfiguration;
			buildSettings = {
				ALWAYS_EMBED_SWIFT_STANDARD_LIBRARIES = YES;
				ASSETCATALOG_COMPILER_APPICON_NAME = AppIcon;
				ASSETCATALOG_COMPILER_GLOBAL_ACCENT_COLOR_NAME = AccentColor;
				ASSETCATALOG_COMPILER_INCLUDE_ALL_APPICON_ASSETS = NO;
				CODE_SIGN_STYLE = Automatic;
				CURRENT_PROJECT_VERSION = 1;
				DEVELOPMENT_ASSET_PATHS = "\"DiGiDesk/Preview Content\"";
				DEVELOPMENT_TEAM = CL6U94RH5N;
				ENABLE_PREVIEWS = YES;
				GENERATE_INFOPLIST_FILE = YES;
				INFOPLIST_FILE = DiGiDesk/Info.plist;
				INFOPLIST_KEY_CFBundleDisplayName = DiGiDesk;
				INFOPLIST_KEY_LSApplicationCategoryType = "public.app-category.education";
				INFOPLIST_KEY_NSSupportsLiveActivities = YES;
				INFOPLIST_KEY_UIApplicationSceneManifest_Generation = YES;
				INFOPLIST_KEY_UIApplicationSupportsIndirectInputEvents = YES;
				INFOPLIST_KEY_UILaunchScreen_Generation = YES;
				INFOPLIST_KEY_UILaunchStoryboardName = "Launch Screen.storyboard";
				INFOPLIST_KEY_UISupportedInterfaceOrientations_iPad = "UIInterfaceOrientationPortrait UIInterfaceOrientationPortraitUpsideDown UIInterfaceOrientationLandscapeLeft UIInterfaceOrientationLandscapeRight";
				INFOPLIST_KEY_UISupportedInterfaceOrientations_iPhone = "UIInterfaceOrientationPortrait UIInterfaceOrientationLandscapeLeft UIInterfaceOrientationLandscapeRight";
				IPHONEOS_DEPLOYMENT_TARGET = 17.0;
				LD_RUNPATH_SEARCH_PATHS = (
					"$(inherited)",
					"@executable_path/Frameworks",
				);
				MARKETING_VERSION = 1.0;
				PRODUCT_BUNDLE_IDENTIFIER = "KOUTAN-App-Builders.DiGiDesk";
				PRODUCT_NAME = "$(TARGET_NAME)";
				SDKROOT = iphoneos;
				SWIFT_EMIT_LOC_STRINGS = YES;
				SWIFT_VERSION = 5.0;
				TARGETED_DEVICE_FAMILY = "1,2";
				VALIDATE_PRODUCT = YES;
			};
			name = Release;
		};
		3CB4A1462B96C82800D74657 /* Debug */ = {
			isa = XCBuildConfiguration;
			buildSettings = {
				ASSETCATALOG_COMPILER_GLOBAL_ACCENT_COLOR_NAME = AccentColor;
				ASSETCATALOG_COMPILER_WIDGET_BACKGROUND_COLOR_NAME = WidgetBackground;
				CODE_SIGN_STYLE = Automatic;
				CURRENT_PROJECT_VERSION = 1;
				DEVELOPMENT_TEAM = CL6U94RH5N;
				GENERATE_INFOPLIST_FILE = YES;
				INFOPLIST_FILE = "DiGiDesk Timer Widgets/Info.plist";
				INFOPLIST_KEY_CFBundleDisplayName = "DiGiDesk Timer Widgets";
				INFOPLIST_KEY_NSHumanReadableCopyright = "";
				IPHONEOS_DEPLOYMENT_TARGET = 17.2;
				LD_RUNPATH_SEARCH_PATHS = (
					"$(inherited)",
					"@executable_path/Frameworks",
					"@executable_path/../../Frameworks",
				);
				MARKETING_VERSION = 1.0;
				PRODUCT_BUNDLE_IDENTIFIER = "KOUTAN-App-Builders.DiGiDesk.DiGiDesk-Timer-Widgets";
				PRODUCT_NAME = "$(TARGET_NAME)";
				SDKROOT = iphoneos;
				SKIP_INSTALL = YES;
				SWIFT_EMIT_LOC_STRINGS = YES;
				SWIFT_VERSION = 5.0;
				TARGETED_DEVICE_FAMILY = "1,2";
			};
			name = Debug;
		};
		3CB4A1472B96C82800D74657 /* Release */ = {
			isa = XCBuildConfiguration;
			buildSettings = {
				ASSETCATALOG_COMPILER_GLOBAL_ACCENT_COLOR_NAME = AccentColor;
				ASSETCATALOG_COMPILER_WIDGET_BACKGROUND_COLOR_NAME = WidgetBackground;
				CODE_SIGN_STYLE = Automatic;
				CURRENT_PROJECT_VERSION = 1;
				DEVELOPMENT_TEAM = CL6U94RH5N;
				GENERATE_INFOPLIST_FILE = YES;
				INFOPLIST_FILE = "DiGiDesk Timer Widgets/Info.plist";
				INFOPLIST_KEY_CFBundleDisplayName = "DiGiDesk Timer Widgets";
				INFOPLIST_KEY_NSHumanReadableCopyright = "";
				IPHONEOS_DEPLOYMENT_TARGET = 17.2;
				LD_RUNPATH_SEARCH_PATHS = (
					"$(inherited)",
					"@executable_path/Frameworks",
					"@executable_path/../../Frameworks",
				);
				MARKETING_VERSION = 1.0;
				PRODUCT_BUNDLE_IDENTIFIER = "KOUTAN-App-Builders.DiGiDesk.DiGiDesk-Timer-Widgets";
				PRODUCT_NAME = "$(TARGET_NAME)";
				SDKROOT = iphoneos;
				SKIP_INSTALL = YES;
				SWIFT_EMIT_LOC_STRINGS = YES;
				SWIFT_VERSION = 5.0;
				TARGETED_DEVICE_FAMILY = "1,2";
				VALIDATE_PRODUCT = YES;
			};
			name = Release;
		};
/* End XCBuildConfiguration section */

/* Begin XCConfigurationList section */
		3C0D258D2B581E1700FFC280 /* Build configuration list for PBXProject "DiGiDesk" */ = {
			isa = XCConfigurationList;
			buildConfigurations = (
				3C0D25B02B581E1900FFC280 /* Debug */,
				3C0D25B12B581E1900FFC280 /* Release */,
			);
			defaultConfigurationIsVisible = 0;
			defaultConfigurationName = Release;
		};
		3C0D25B22B581E1900FFC280 /* Build configuration list for PBXNativeTarget "DiGiDesk Watch App" */ = {
			isa = XCConfigurationList;
			buildConfigurations = (
				3C0D25B32B581E1900FFC280 /* Debug */,
				3C0D25B42B581E1900FFC280 /* Release */,
			);
			defaultConfigurationIsVisible = 0;
			defaultConfigurationName = Release;
		};
		3C0D25B62B581E1900FFC280 /* Build configuration list for PBXNativeTarget "DiGiDesk" */ = {
			isa = XCConfigurationList;
			buildConfigurations = (
				3C0D25B72B581E1900FFC280 /* Debug */,
				3C0D25B82B581E1900FFC280 /* Release */,
			);
			defaultConfigurationIsVisible = 0;
			defaultConfigurationName = Release;
		};
		3CB4A1482B96C82800D74657 /* Build configuration list for PBXNativeTarget "DiGiDesk Timer WidgetsExtension" */ = {
			isa = XCConfigurationList;
			buildConfigurations = (
				3CB4A1462B96C82800D74657 /* Debug */,
				3CB4A1472B96C82800D74657 /* Release */,
			);
			defaultConfigurationIsVisible = 0;
			defaultConfigurationName = Release;
		};
/* End XCConfigurationList section */

/* Begin XCLocalSwiftPackageReference section */
		3CA8E6E52BA9E23F003CAD1B /* XCLocalSwiftPackageReference "CalendarView-main" */ = {
			isa = XCLocalSwiftPackageReference;
			relativePath = "CalendarView-main";
		};
/* End XCLocalSwiftPackageReference section */

/* Begin XCSwiftPackageProductDependency section */
		3CA8E6E62BA9E23F003CAD1B /* CalendarView */ = {
			isa = XCSwiftPackageProductDependency;
			productName = CalendarView;
		};
/* End XCSwiftPackageProductDependency section */
	};
	rootObject = 3C0D258A2B581E1700FFC280 /* Project object */;
}
