// !$*UTF8*$!
{
	archiveVersion = 1;
	classes = {
	};
	objectVersion = 56;
	objects = {

/* Begin PBXBuildFile section */
		3C0AED6E2B660835004078C5 /* List of Exam URLs.swift in Sources */ = {isa = PBXBuildFile; fileRef = 3C0AED6D2B660835004078C5 /* List of Exam URLs.swift */; };
		3C0D25962B581E1700FFC280 /* DiGiDeskApp.swift in Sources */ = {isa = PBXBuildFile; fileRef = 3C0D25952B581E1700FFC280 /* DiGiDeskApp.swift */; };
		3C0D25982B581E1700FFC280 /* ContentView.swift in Sources */ = {isa = PBXBuildFile; fileRef = 3C0D25972B581E1700FFC280 /* ContentView.swift */; };
		3C0D259A2B581E1800FFC280 /* Assets.xcassets in Resources */ = {isa = PBXBuildFile; fileRef = 3C0D25992B581E1800FFC280 /* Assets.xcassets */; };
		3C0D259D2B581E1800FFC280 /* Preview Assets.xcassets in Resources */ = {isa = PBXBuildFile; fileRef = 3C0D259C2B581E1800FFC280 /* Preview Assets.xcassets */; };
		3C0D25A32B581E1800FFC280 /* DiGiDesk Watch App.app in Embed Watch Content */ = {isa = PBXBuildFile; fileRef = 3C0D25A22B581E1800FFC280 /* DiGiDesk Watch App.app */; settings = {ATTRIBUTES = (RemoveHeadersOnCopy, ); }; };
		3C0D25A82B581E1800FFC280 /* DiGiDeskApp.swift in Sources */ = {isa = PBXBuildFile; fileRef = 3C0D25A72B581E1800FFC280 /* DiGiDeskApp.swift */; };
		3C0D25AA2B581E1800FFC280 /* ContentView.swift in Sources */ = {isa = PBXBuildFile; fileRef = 3C0D25A92B581E1800FFC280 /* ContentView.swift */; };
		3C0D25AC2B581E1900FFC280 /* Assets.xcassets in Resources */ = {isa = PBXBuildFile; fileRef = 3C0D25AB2B581E1900FFC280 /* Assets.xcassets */; };
		3C0D25AF2B581E1900FFC280 /* Preview Assets.xcassets in Resources */ = {isa = PBXBuildFile; fileRef = 3C0D25AE2B581E1900FFC280 /* Preview Assets.xcassets */; };
		3CAC0BD92B5A9F2D000F474D /* Add New Book Page.swift in Sources */ = {isa = PBXBuildFile; fileRef = 3CAC0BD82B5A9F2D000F474D /* Add New Book Page.swift */; };
		3CAC0BDD2B5AA03B000F474D /* Book Data Manager.swift in Sources */ = {isa = PBXBuildFile; fileRef = 3CAC0BDC2B5AA03B000F474D /* Book Data Manager.swift */; };
		3CDCF4122B596D0200EF4846 /* Book Shelf Page.swift in Sources */ = {isa = PBXBuildFile; fileRef = 3CDCF4112B596D0200EF4846 /* Book Shelf Page.swift */; };
		3CDCF4152B596D3900EF4846 /* Calendar Page.swift in Sources */ = {isa = PBXBuildFile; fileRef = 3CDCF4142B596D3900EF4846 /* Calendar Page.swift */; };
		3CEE560B2B5945BE0030C170 /* Custom Tab Bar.swift in Sources */ = {isa = PBXBuildFile; fileRef = 3CEE560A2B5945BE0030C170 /* Custom Tab Bar.swift */; };
/* End PBXBuildFile section */

/* Begin PBXContainerItemProxy section */
		3C0D25A42B581E1800FFC280 /* PBXContainerItemProxy */ = {
			isa = PBXContainerItemProxy;
			containerPortal = 3C0D258A2B581E1700FFC280 /* Project object */;
			proxyType = 1;
			remoteGlobalIDString = 3C0D25A12B581E1800FFC280;
			remoteInfo = "DiGiDesk Watch App";
		};
/* End PBXContainerItemProxy section */

/* Begin PBXCopyFilesBuildPhase section */
		3C0D25B52B581E1900FFC280 /* Embed Watch Content */ = {
			isa = PBXCopyFilesBuildPhase;
			buildActionMask = 2147483647;
			dstPath = "$(CONTENTS_FOLDER_PATH)/Watch";
			dstSubfolderSpec = 16;
			files = (
				3C0D25A32B581E1800FFC280 /* DiGiDesk Watch App.app in Embed Watch Content */,
			);
			name = "Embed Watch Content";
			runOnlyForDeploymentPostprocessing = 0;
		};
/* End PBXCopyFilesBuildPhase section */

/* Begin PBXFileReference section */
		3C0AED6D2B660835004078C5 /* List of Exam URLs.swift */ = {isa = PBXFileReference; lastKnownFileType = sourcecode.swift; path = "List of Exam URLs.swift"; sourceTree = "<group>"; };
		3C0D25922B581E1700FFC280 /* DiGiDesk.app */ = {isa = PBXFileReference; explicitFileType = wrapper.application; includeInIndex = 0; path = DiGiDesk.app; sourceTree = BUILT_PRODUCTS_DIR; };
		3C0D25952B581E1700FFC280 /* DiGiDeskApp.swift */ = {isa = PBXFileReference; lastKnownFileType = sourcecode.swift; path = DiGiDeskApp.swift; sourceTree = "<group>"; };
		3C0D25972B581E1700FFC280 /* ContentView.swift */ = {isa = PBXFileReference; lastKnownFileType = sourcecode.swift; path = ContentView.swift; sourceTree = "<group>"; };
		3C0D25992B581E1800FFC280 /* Assets.xcassets */ = {isa = PBXFileReference; lastKnownFileType = folder.assetcatalog; path = Assets.xcassets; sourceTree = "<group>"; };
		3C0D259C2B581E1800FFC280 /* Preview Assets.xcassets */ = {isa = PBXFileReference; lastKnownFileType = folder.assetcatalog; path = "Preview Assets.xcassets"; sourceTree = "<group>"; };
		3C0D25A22B581E1800FFC280 /* DiGiDesk Watch App.app */ = {isa = PBXFileReference; explicitFileType = wrapper.application; includeInIndex = 0; path = "DiGiDesk Watch App.app"; sourceTree = BUILT_PRODUCTS_DIR; };
		3C0D25A72B581E1800FFC280 /* DiGiDeskApp.swift */ = {isa = PBXFileReference; lastKnownFileType = sourcecode.swift; path = DiGiDeskApp.swift; sourceTree = "<group>"; };
		3C0D25A92B581E1800FFC280 /* ContentView.swift */ = {isa = PBXFileReference; lastKnownFileType = sourcecode.swift; path = ContentView.swift; sourceTree = "<group>"; };
		3C0D25AB2B581E1900FFC280 /* Assets.xcassets */ = {isa = PBXFileReference; lastKnownFileType = folder.assetcatalog; path = Assets.xcassets; sourceTree = "<group>"; };
		3C0D25AE2B581E1900FFC280 /* Preview Assets.xcassets */ = {isa = PBXFileReference; lastKnownFileType = folder.assetcatalog; path = "Preview Assets.xcassets"; sourceTree = "<group>"; };
		3CAC0BD82B5A9F2D000F474D /* Add New Book Page.swift */ = {isa = PBXFileReference; lastKnownFileType = sourcecode.swift; path = "Add New Book Page.swift"; sourceTree = "<group>"; };
		3CAC0BDC2B5AA03B000F474D /* Book Data Manager.swift */ = {isa = PBXFileReference; lastKnownFileType = sourcecode.swift; path = "Book Data Manager.swift"; sourceTree = "<group>"; };
		3CDCF4112B596D0200EF4846 /* Book Shelf Page.swift */ = {isa = PBXFileReference; lastKnownFileType = sourcecode.swift; path = "Book Shelf Page.swift"; sourceTree = "<group>"; };
		3CDCF4142B596D3900EF4846 /* Calendar Page.swift */ = {isa = PBXFileReference; lastKnownFileType = sourcecode.swift; path = "Calendar Page.swift"; sourceTree = "<group>"; };
		3CEE560A2B5945BE0030C170 /* Custom Tab Bar.swift */ = {isa = PBXFileReference; lastKnownFileType = sourcecode.swift; path = "Custom Tab Bar.swift"; sourceTree = "<group>"; };
/* End PBXFileReference section */

/* Begin PBXFrameworksBuildPhase section */
		3C0D258F2B581E1700FFC280 /* Frameworks */ = {
			isa = PBXFrameworksBuildPhase;
			buildActionMask = 2147483647;
			files = (
			);
			runOnlyForDeploymentPostprocessing = 0;
		};
		3C0D259F2B581E1800FFC280 /* Frameworks */ = {
			isa = PBXFrameworksBuildPhase;
			buildActionMask = 2147483647;
			files = (
			);
			runOnlyForDeploymentPostprocessing = 0;
		};
/* End PBXFrameworksBuildPhase section */

/* Begin PBXGroup section */
		3C0AED6C2B6607BA004078C5 /* Views forOther Functionalities */ = {
			isa = PBXGroup;
			children = (
				3C0AED6D2B660835004078C5 /* List of Exam URLs.swift */,
			);
			path = "Views forOther Functionalities";
			sourceTree = "<group>";
		};
		3C0D25892B581E1700FFC280 = {
			isa = PBXGroup;
			children = (
				3C0D25942B581E1700FFC280 /* DiGiDesk */,
				3C0D25A62B581E1800FFC280 /* DiGiDesk Watch App */,
				3C0D25932B581E1700FFC280 /* Products */,
			);
			sourceTree = "<group>";
		};
		3C0D25932B581E1700FFC280 /* Products */ = {
			isa = PBXGroup;
			children = (
				3C0D25922B581E1700FFC280 /* DiGiDesk.app */,
				3C0D25A22B581E1800FFC280 /* DiGiDesk Watch App.app */,
			);
			name = Products;
			sourceTree = "<group>";
		};
		3C0D25942B581E1700FFC280 /* DiGiDesk */ = {
			isa = PBXGroup;
			children = (
				3C0D25952B581E1700FFC280 /* DiGiDeskApp.swift */,
				3C0D25972B581E1700FFC280 /* ContentView.swift */,
				3CEE56092B5945930030C170 /* Custom Tab Bar */,
				3CDCF4102B596CBF00EF4846 /* Book Shelf */,
				3CDCF4132B596D0F00EF4846 /* Calendar */,
				3C0AED6C2B6607BA004078C5 /* Views forOther Functionalities */,
				3C0D25992B581E1800FFC280 /* Assets.xcassets */,
				3C0D259B2B581E1800FFC280 /* Preview Content */,
			);
			path = DiGiDesk;
			sourceTree = "<group>";
		};
		3C0D259B2B581E1800FFC280 /* Preview Content */ = {
			isa = PBXGroup;
			children = (
				3C0D259C2B581E1800FFC280 /* Preview Assets.xcassets */,
			);
			path = "Preview Content";
			sourceTree = "<group>";
		};
		3C0D25A62B581E1800FFC280 /* DiGiDesk Watch App */ = {
			isa = PBXGroup;
			children = (
				3C0D25A72B581E1800FFC280 /* DiGiDeskApp.swift */,
				3C0D25A92B581E1800FFC280 /* ContentView.swift */,
				3CDCF4162B596D7500EF4846 /* Timers */,
				3C0D25AB2B581E1900FFC280 /* Assets.xcassets */,
				3C0D25AD2B581E1900FFC280 /* Preview Content */,
			);
			path = "DiGiDesk Watch App";
			sourceTree = "<group>";
		};
		3C0D25AD2B581E1900FFC280 /* Preview Content */ = {
			isa = PBXGroup;
			children = (
				3C0D25AE2B581E1900FFC280 /* Preview Assets.xcassets */,
			);
			path = "Preview Content";
			sourceTree = "<group>";
		};
		3CDCF4102B596CBF00EF4846 /* Book Shelf */ = {
			isa = PBXGroup;
			children = (
				3CDCF4112B596D0200EF4846 /* Book Shelf Page.swift */,
				3CAC0BD82B5A9F2D000F474D /* Add New Book Page.swift */,
				3CAC0BDC2B5AA03B000F474D /* Book Data Manager.swift */,
			);
			path = "Book Shelf";
			sourceTree = "<group>";
		};
		3CDCF4132B596D0F00EF4846 /* Calendar */ = {
			isa = PBXGroup;
			children = (
				3CDCF4142B596D3900EF4846 /* Calendar Page.swift */,
			);
			path = Calendar;
			sourceTree = "<group>";
		};
		3CDCF4162B596D7500EF4846 /* Timers */ = {
			isa = PBXGroup;
			children = (
			);
			path = Timers;
			sourceTree = "<group>";
		};
		3CEE56092B5945930030C170 /* Custom Tab Bar */ = {
			isa = PBXGroup;
			children = (
				3CEE560A2B5945BE0030C170 /* Custom Tab Bar.swift */,
			);
			path = "Custom Tab Bar";
			sourceTree = "<group>";
		};
/* End PBXGroup section */

/* Begin PBXNativeTarget section */
		3C0D25912B581E1700FFC280 /* DiGiDesk */ = {
			isa = PBXNativeTarget;
			buildConfigurationList = 3C0D25B62B581E1900FFC280 /* Build configuration list for PBXNativeTarget "DiGiDesk" */;
			buildPhases = (
				3C0D258E2B581E1700FFC280 /* Sources */,
				3C0D258F2B581E1700FFC280 /* Frameworks */,
				3C0D25902B581E1700FFC280 /* Resources */,
				3C0D25B52B581E1900FFC280 /* Embed Watch Content */,
			);
			buildRules = (
			);
			dependencies = (
				3C0D25A52B581E1800FFC280 /* PBXTargetDependency */,
			);
			name = DiGiDesk;
			productName = DiGiDesk;
			productReference = 3C0D25922B581E1700FFC280 /* DiGiDesk.app */;
			productType = "com.apple.product-type.application";
		};
		3C0D25A12B581E1800FFC280 /* DiGiDesk Watch App */ = {
			isa = PBXNativeTarget;
			buildConfigurationList = 3C0D25B22B581E1900FFC280 /* Build configuration list for PBXNativeTarget "DiGiDesk Watch App" */;
			buildPhases = (
				3C0D259E2B581E1800FFC280 /* Sources */,
				3C0D259F2B581E1800FFC280 /* Frameworks */,
				3C0D25A02B581E1800FFC280 /* Resources */,
			);
			buildRules = (
			);
			dependencies = (
			);
			name = "DiGiDesk Watch App";
			productName = "DiGiDesk Watch App";
			productReference = 3C0D25A22B581E1800FFC280 /* DiGiDesk Watch App.app */;
			productType = "com.apple.product-type.application";
		};
/* End PBXNativeTarget section */

/* Begin PBXProject section */
		3C0D258A2B581E1700FFC280 /* Project object */ = {
			isa = PBXProject;
			attributes = {
				BuildIndependentTargetsInParallel = 1;
				LastSwiftUpdateCheck = 1520;
				LastUpgradeCheck = 1520;
				TargetAttributes = {
					3C0D25912B581E1700FFC280 = {
						CreatedOnToolsVersion = 15.2;
					};
					3C0D25A12B581E1800FFC280 = {
						CreatedOnToolsVersion = 15.2;
					};
				};
			};
			buildConfigurationList = 3C0D258D2B581E1700FFC280 /* Build configuration list for PBXProject "DiGiDesk" */;
			compatibilityVersion = "Xcode 14.0";
			developmentRegion = en;
			hasScannedForEncodings = 0;
			knownRegions = (
				en,
				Base,
			);
			mainGroup = 3C0D25892B581E1700FFC280;
			productRefGroup = 3C0D25932B581E1700FFC280 /* Products */;
			projectDirPath = "";
			projectRoot = "";
			targets = (
				3C0D25912B581E1700FFC280 /* DiGiDesk */,
				3C0D25A12B581E1800FFC280 /* DiGiDesk Watch App */,
			);
		};
/* End PBXProject section */

/* Begin PBXResourcesBuildPhase section */
		3C0D25902B581E1700FFC280 /* Resources */ = {
			isa = PBXResourcesBuildPhase;
			buildActionMask = 2147483647;
			files = (
				3C0D259D2B581E1800FFC280 /* Preview Assets.xcassets in Resources */,
				3C0D259A2B581E1800FFC280 /* Assets.xcassets in Resources */,
			);
			runOnlyForDeploymentPostprocessing = 0;
		};
		3C0D25A02B581E1800FFC280 /* Resources */ = {
			isa = PBXResourcesBuildPhase;
			buildActionMask = 2147483647;
			files = (
				3C0D25AF2B581E1900FFC280 /* Preview Assets.xcassets in Resources */,
				3C0D25AC2B581E1900FFC280 /* Assets.xcassets in Resources */,
			);
			runOnlyForDeploymentPostprocessing = 0;
		};
/* End PBXResourcesBuildPhase section */

/* Begin PBXSourcesBuildPhase section */
		3C0D258E2B581E1700FFC280 /* Sources */ = {
			isa = PBXSourcesBuildPhase;
			buildActionMask = 2147483647;
			files = (
				3C0D25982B581E1700FFC280 /* ContentView.swift in Sources */,
				3CEE560B2B5945BE0030C170 /* Custom Tab Bar.swift in Sources */,
				3CDCF4152B596D3900EF4846 /* Calendar Page.swift in Sources */,
				3CAC0BD92B5A9F2D000F474D /* Add New Book Page.swift in Sources */,
				3C0AED6E2B660835004078C5 /* List of Exam URLs.swift in Sources */,
				3CDCF4122B596D0200EF4846 /* Book Shelf Page.swift in Sources */,
				3CAC0BDD2B5AA03B000F474D /* Book Data Manager.swift in Sources */,
				3C0D25962B581E1700FFC280 /* DiGiDeskApp.swift in Sources */,
			);
			runOnlyForDeploymentPostprocessing = 0;
		};
		3C0D259E2B581E1800FFC280 /* Sources */ = {
			isa = PBXSourcesBuildPhase;
			buildActionMask = 2147483647;
			files = (
				3C0D25AA2B581E1800FFC280 /* ContentView.swift in Sources */,
				3C0D25A82B581E1800FFC280 /* DiGiDeskApp.swift in Sources */,
			);
			runOnlyForDeploymentPostprocessing = 0;
		};
/* End PBXSourcesBuildPhase section */

/* Begin PBXTargetDependency section */
		3C0D25A52B581E1800FFC280 /* PBXTargetDependency */ = {
			isa = PBXTargetDependency;
			target = 3C0D25A12B581E1800FFC280 /* DiGiDesk Watch App */;
			targetProxy = 3C0D25A42B581E1800FFC280 /* PBXContainerItemProxy */;
		};
/* End PBXTargetDependency section */

/* Begin XCBuildConfiguration section */
		3C0D25B02B581E1900FFC280 /* Debug */ = {
			isa = XCBuildConfiguration;
			buildSettings = {
				ALWAYS_SEARCH_USER_PATHS = NO;
				ASSETCATALOG_COMPILER_GENERATE_SWIFT_ASSET_SYMBOL_EXTENSIONS = YES;
				CLANG_ANALYZER_NONNULL = YES;
				CLANG_ANALYZER_NUMBER_OBJECT_CONVERSION = YES_AGGRESSIVE;
				CLANG_CXX_LANGUAGE_STANDARD = "gnu++20";
				CLANG_ENABLE_MODULES = YES;
				CLANG_ENABLE_OBJC_ARC = YES;
				CLANG_ENABLE_OBJC_WEAK = YES;
				CLANG_WARN_BLOCK_CAPTURE_AUTORELEASING = YES;
				CLANG_WARN_BOOL_CONVERSION = YES;
				CLANG_WARN_COMMA = YES;
				CLANG_WARN_CONSTANT_CONVERSION = YES;
				CLANG_WARN_DEPRECATED_OBJC_IMPLEMENTATIONS = YES;
				CLANG_WARN_DIRECT_OBJC_ISA_USAGE = YES_ERROR;
				CLANG_WARN_DOCUMENTATION_COMMENTS = YES;
				CLANG_WARN_EMPTY_BODY = YES;
				CLANG_WARN_ENUM_CONVERSION = YES;
				CLANG_WARN_INFINITE_RECURSION = YES;
				CLANG_WARN_INT_CONVERSION = YES;
				CLANG_WARN_NON_LITERAL_NULL_CONVERSION = YES;
				CLANG_WARN_OBJC_IMPLICIT_RETAIN_SELF = YES;
				CLANG_WARN_OBJC_LITERAL_CONVERSION = YES;
				CLANG_WARN_OBJC_ROOT_CLASS = YES_ERROR;
				CLANG_WARN_QUOTED_INCLUDE_IN_FRAMEWORK_HEADER = YES;
				CLANG_WARN_RANGE_LOOP_ANALYSIS = YES;
				CLANG_WARN_STRICT_PROTOTYPES = YES;
				CLANG_WARN_SUSPICIOUS_MOVE = YES;
				CLANG_WARN_UNGUARDED_AVAILABILITY = YES_AGGRESSIVE;
				CLANG_WARN_UNREACHABLE_CODE = YES;
				CLANG_WARN__DUPLICATE_METHOD_MATCH = YES;
				COPY_PHASE_STRIP = NO;
				DEBUG_INFORMATION_FORMAT = dwarf;
				ENABLE_STRICT_OBJC_MSGSEND = YES;
				ENABLE_TESTABILITY = YES;
				ENABLE_USER_SCRIPT_SANDBOXING = YES;
				GCC_C_LANGUAGE_STANDARD = gnu17;
				GCC_DYNAMIC_NO_PIC = NO;
				GCC_NO_COMMON_BLOCKS = YES;
				GCC_OPTIMIZATION_LEVEL = 0;
				GCC_PREPROCESSOR_DEFINITIONS = (
					"DEBUG=1",
					"$(inherited)",
				);
				GCC_WARN_64_TO_32_BIT_CONVERSION = YES;
				GCC_WARN_ABOUT_RETURN_TYPE = YES_ERROR;
				GCC_WARN_UNDECLARED_SELECTOR = YES;
				GCC_WARN_UNINITIALIZED_AUTOS = YES_AGGRESSIVE;
				GCC_WARN_UNUSED_FUNCTION = YES;
				GCC_WARN_UNUSED_VARIABLE = YES;
				LOCALIZATION_PREFERS_STRING_CATALOGS = YES;
				MTL_ENABLE_DEBUG_INFO = INCLUDE_SOURCE;
				MTL_FAST_MATH = YES;
				ONLY_ACTIVE_ARCH = YES;
				SWIFT_ACTIVE_COMPILATION_CONDITIONS = "DEBUG $(inherited)";
				SWIFT_OPTIMIZATION_LEVEL = "-Onone";
			};
			name = Debug;
		};
		3C0D25B12B581E1900FFC280 /* Release */ = {
			isa = XCBuildConfiguration;
			buildSettings = {
				ALWAYS_SEARCH_USER_PATHS = NO;
				ASSETCATALOG_COMPILER_GENERATE_SWIFT_ASSET_SYMBOL_EXTENSIONS = YES;
				CLANG_ANALYZER_NONNULL = YES;
				CLANG_ANALYZER_NUMBER_OBJECT_CONVERSION = YES_AGGRESSIVE;
				CLANG_CXX_LANGUAGE_STANDARD = "gnu++20";
				CLANG_ENABLE_MODULES = YES;
				CLANG_ENABLE_OBJC_ARC = YES;
				CLANG_ENABLE_OBJC_WEAK = YES;
				CLANG_WARN_BLOCK_CAPTURE_AUTORELEASING = YES;
				CLANG_WARN_BOOL_CONVERSION = YES;
				CLANG_WARN_COMMA = YES;
				CLANG_WARN_CONSTANT_CONVERSION = YES;
				CLANG_WARN_DEPRECATED_OBJC_IMPLEMENTATIONS = YES;
				CLANG_WARN_DIRECT_OBJC_ISA_USAGE = YES_ERROR;
				CLANG_WARN_DOCUMENTATION_COMMENTS = YES;
				CLANG_WARN_EMPTY_BODY = YES;
				CLANG_WARN_ENUM_CONVERSION = YES;
				CLANG_WARN_INFINITE_RECURSION = YES;
				CLANG_WARN_INT_CONVERSION = YES;
				CLANG_WARN_NON_LITERAL_NULL_CONVERSION = YES;
				CLANG_WARN_OBJC_IMPLICIT_RETAIN_SELF = YES;
				CLANG_WARN_OBJC_LITERAL_CONVERSION = YES;
				CLANG_WARN_OBJC_ROOT_CLASS = YES_ERROR;
				CLANG_WARN_QUOTED_INCLUDE_IN_FRAMEWORK_HEADER = YES;
				CLANG_WARN_RANGE_LOOP_ANALYSIS = YES;
				CLANG_WARN_STRICT_PROTOTYPES = YES;
				CLANG_WARN_SUSPICIOUS_MOVE = YES;
				CLANG_WARN_UNGUARDED_AVAILABILITY = YES_AGGRESSIVE;
				CLANG_WARN_UNREACHABLE_CODE = YES;
				CLANG_WARN__DUPLICATE_METHOD_MATCH = YES;
				COPY_PHASE_STRIP = NO;
				DEBUG_INFORMATION_FORMAT = "dwarf-with-dsym";
				ENABLE_NS_ASSERTIONS = NO;
				ENABLE_STRICT_OBJC_MSGSEND = YES;
				ENABLE_USER_SCRIPT_SANDBOXING = YES;
				GCC_C_LANGUAGE_STANDARD = gnu17;
				GCC_NO_COMMON_BLOCKS = YES;
				GCC_WARN_64_TO_32_BIT_CONVERSION = YES;
				GCC_WARN_ABOUT_RETURN_TYPE = YES_ERROR;
				GCC_WARN_UNDECLARED_SELECTOR = YES;
				GCC_WARN_UNINITIALIZED_AUTOS = YES_AGGRESSIVE;
				GCC_WARN_UNUSED_FUNCTION = YES;
				GCC_WARN_UNUSED_VARIABLE = YES;
				LOCALIZATION_PREFERS_STRING_CATALOGS = YES;
				MTL_ENABLE_DEBUG_INFO = NO;
				MTL_FAST_MATH = YES;
				SWIFT_COMPILATION_MODE = wholemodule;
			};
			name = Release;
		};
		3C0D25B32B581E1900FFC280 /* Debug */ = {
			isa = XCBuildConfiguration;
			buildSettings = {
				ASSETCATALOG_COMPILER_APPICON_NAME = AppIcon;
				ASSETCATALOG_COMPILER_GLOBAL_ACCENT_COLOR_NAME = AccentColor;
				CODE_SIGN_STYLE = Automatic;
				CURRENT_PROJECT_VERSION = 1;
				DEVELOPMENT_ASSET_PATHS = "\"DiGiDesk Watch App/Preview Content\"";
				DEVELOPMENT_TEAM = CL6U94RH5N;
				ENABLE_PREVIEWS = YES;
				GENERATE_INFOPLIST_FILE = YES;
				INFOPLIST_KEY_CFBundleDisplayName = DiGiDesk;
				INFOPLIST_KEY_UISupportedInterfaceOrientations = "UIInterfaceOrientationPortrait UIInterfaceOrientationPortraitUpsideDown";
				INFOPLIST_KEY_WKCompanionAppBundleIdentifier = "KOUTAN-App-Builders.DiGiDesk";
				LD_RUNPATH_SEARCH_PATHS = (
					"$(inherited)",
					"@executable_path/Frameworks",
				);
				MARKETING_VERSION = 1.0;
				PRODUCT_BUNDLE_IDENTIFIER = "KOUTAN-App-Builders.DiGiDesk.watchkitapp";
				PRODUCT_NAME = "$(TARGET_NAME)";
				SDKROOT = watchos;
				SKIP_INSTALL = YES;
				SWIFT_EMIT_LOC_STRINGS = YES;
				SWIFT_VERSION = 5.0;
				TARGETED_DEVICE_FAMILY = 4;
				WATCHOS_DEPLOYMENT_TARGET = 10.2;
			};
			name = Debug;
		};
		3C0D25B42B581E1900FFC280 /* Release */ = {
			isa = XCBuildConfiguration;
			buildSettings = {
				ASSETCATALOG_COMPILER_APPICON_NAME = AppIcon;
				ASSETCATALOG_COMPILER_GLOBAL_ACCENT_COLOR_NAME = AccentColor;
				CODE_SIGN_STYLE = Automatic;
				CURRENT_PROJECT_VERSION = 1;
				DEVELOPMENT_ASSET_PATHS = "\"DiGiDesk Watch App/Preview Content\"";
				DEVELOPMENT_TEAM = CL6U94RH5N;
				ENABLE_PREVIEWS = YES;
				GENERATE_INFOPLIST_FILE = YES;
				INFOPLIST_KEY_CFBundleDisplayName = DiGiDesk;
				INFOPLIST_KEY_UISupportedInterfaceOrientations = "UIInterfaceOrientationPortrait UIInterfaceOrientationPortraitUpsideDown";
				INFOPLIST_KEY_WKCompanionAppBundleIdentifier = "KOUTAN-App-Builders.DiGiDesk";
				LD_RUNPATH_SEARCH_PATHS = (
					"$(inherited)",
					"@executable_path/Frameworks",
				);
				MARKETING_VERSION = 1.0;
				PRODUCT_BUNDLE_IDENTIFIER = "KOUTAN-App-Builders.DiGiDesk.watchkitapp";
				PRODUCT_NAME = "$(TARGET_NAME)";
				SDKROOT = watchos;
				SKIP_INSTALL = YES;
				SWIFT_EMIT_LOC_STRINGS = YES;
				SWIFT_VERSION = 5.0;
				TARGETED_DEVICE_FAMILY = 4;
				VALIDATE_PRODUCT = YES;
				WATCHOS_DEPLOYMENT_TARGET = 10.2;
			};
			name = Release;
		};
		3C0D25B72B581E1900FFC280 /* Debug */ = {
			isa = XCBuildConfiguration;
			buildSettings = {
				ALWAYS_EMBED_SWIFT_STANDARD_LIBRARIES = YES;
				ASSETCATALOG_COMPILER_APPICON_NAME = AppIcon;
				ASSETCATALOG_COMPILER_GLOBAL_ACCENT_COLOR_NAME = AccentColor;
				CODE_SIGN_STYLE = Automatic;
				CURRENT_PROJECT_VERSION = 1;
				DEVELOPMENT_ASSET_PATHS = "\"DiGiDesk/Preview Content\"";
				DEVELOPMENT_TEAM = CL6U94RH5N;
				ENABLE_PREVIEWS = YES;
				GENERATE_INFOPLIST_FILE = YES;
				INFOPLIST_KEY_CFBundleDisplayName = DiGiDesk;
				INFOPLIST_KEY_LSApplicationCategoryType = "public.app-category.education";
				INFOPLIST_KEY_UIApplicationSceneManifest_Generation = YES;
				INFOPLIST_KEY_UIApplicationSupportsIndirectInputEvents = YES;
				INFOPLIST_KEY_UILaunchScreen_Generation = YES;
				INFOPLIST_KEY_UISupportedInterfaceOrientations_iPad = "UIInterfaceOrientationPortrait UIInterfaceOrientationPortraitUpsideDown UIInterfaceOrientationLandscapeLeft UIInterfaceOrientationLandscapeRight";
				INFOPLIST_KEY_UISupportedInterfaceOrientations_iPhone = "UIInterfaceOrientationPortrait UIInterfaceOrientationLandscapeLeft UIInterfaceOrientationLandscapeRight";
				IPHONEOS_DEPLOYMENT_TARGET = 17.2;
				LD_RUNPATH_SEARCH_PATHS = (
					"$(inherited)",
					"@executable_path/Frameworks",
				);
				MARKETING_VERSION = 1.0;
				PRODUCT_BUNDLE_IDENTIFIER = "KOUTAN-App-Builders.DiGiDesk";
				PRODUCT_NAME = "$(TARGET_NAME)";
				SDKROOT = iphoneos;
				SWIFT_EMIT_LOC_STRINGS = YES;
				SWIFT_VERSION = 5.0;
				TARGETED_DEVICE_FAMILY = "1,2";
			};
			name = Debug;
		};
		3C0D25B82B581E1900FFC280 /* Release */ = {
			isa = XCBuildConfiguration;
			buildSettings = {
				ALWAYS_EMBED_SWIFT_STANDARD_LIBRARIES = YES;
				ASSETCATALOG_COMPILER_APPICON_NAME = AppIcon;
				ASSETCATALOG_COMPILER_GLOBAL_ACCENT_COLOR_NAME = AccentColor;
				CODE_SIGN_STYLE = Automatic;
				CURRENT_PROJECT_VERSION = 1;
				DEVELOPMENT_ASSET_PATHS = "\"DiGiDesk/Preview Content\"";
				DEVELOPMENT_TEAM = CL6U94RH5N;
				ENABLE_PREVIEWS = YES;
				GENERATE_INFOPLIST_FILE = YES;
				INFOPLIST_KEY_CFBundleDisplayName = DiGiDesk;
				INFOPLIST_KEY_LSApplicationCategoryType = "public.app-category.education";
				INFOPLIST_KEY_UIApplicationSceneManifest_Generation = YES;
				INFOPLIST_KEY_UIApplicationSupportsIndirectInputEvents = YES;
				INFOPLIST_KEY_UILaunchScreen_Generation = YES;
				INFOPLIST_KEY_UISupportedInterfaceOrientations_iPad = "UIInterfaceOrientationPortrait UIInterfaceOrientationPortraitUpsideDown UIInterfaceOrientationLandscapeLeft UIInterfaceOrientationLandscapeRight";
				INFOPLIST_KEY_UISupportedInterfaceOrientations_iPhone = "UIInterfaceOrientationPortrait UIInterfaceOrientationLandscapeLeft UIInterfaceOrientationLandscapeRight";
				IPHONEOS_DEPLOYMENT_TARGET = 17.2;
				LD_RUNPATH_SEARCH_PATHS = (
					"$(inherited)",
					"@executable_path/Frameworks",
				);
				MARKETING_VERSION = 1.0;
				PRODUCT_BUNDLE_IDENTIFIER = "KOUTAN-App-Builders.DiGiDesk";
				PRODUCT_NAME = "$(TARGET_NAME)";
				SDKROOT = iphoneos;
				SWIFT_EMIT_LOC_STRINGS = YES;
				SWIFT_VERSION = 5.0;
				TARGETED_DEVICE_FAMILY = "1,2";
				VALIDATE_PRODUCT = YES;
			};
			name = Release;
		};
/* End XCBuildConfiguration section */

/* Begin XCConfigurationList section */
		3C0D258D2B581E1700FFC280 /* Build configuration list for PBXProject "DiGiDesk" */ = {
			isa = XCConfigurationList;
			buildConfigurations = (
				3C0D25B02B581E1900FFC280 /* Debug */,
				3C0D25B12B581E1900FFC280 /* Release */,
			);
			defaultConfigurationIsVisible = 0;
			defaultConfigurationName = Release;
		};
		3C0D25B22B581E1900FFC280 /* Build configuration list for PBXNativeTarget "DiGiDesk Watch App" */ = {
			isa = XCConfigurationList;
			buildConfigurations = (
				3C0D25B32B581E1900FFC280 /* Debug */,
				3C0D25B42B581E1900FFC280 /* Release */,
			);
			defaultConfigurationIsVisible = 0;
			defaultConfigurationName = Release;
		};
		3C0D25B62B581E1900FFC280 /* Build configuration list for PBXNativeTarget "DiGiDesk" */ = {
			isa = XCConfigurationList;
			buildConfigurations = (
				3C0D25B72B581E1900FFC280 /* Debug */,
				3C0D25B82B581E1900FFC280 /* Release */,
			);
			defaultConfigurationIsVisible = 0;
			defaultConfigurationName = Release;
		};
/* End XCConfigurationList section */
	};
	rootObject = 3C0D258A2B581E1700FFC280 /* Project object */;
}
